{
  "name": "cortex",
  "version": "1.0.0",
  "lockfileVersion": 3,
  "requires": true,
  "packages": {
    "": {
      "name": "cortex",
      "version": "1.0.0",
      "license": "ISC",
      "dependencies": {
        "async-limiter": "^2.0.0",
        "fs": "^0.0.1-security",
        "ws": "^6.2.2"
      }
    },
    "node_modules/async-limiter": {
      "version": "2.0.0",
      "resolved": "https://registry.npmjs.org/async-limiter/-/async-limiter-2.0.0.tgz",
      "integrity": "sha512-nyHFzvVaR+4mfHc90/VqOUQjlnk9+ioDxQfqDuqKnm3m9sIT7joVKW8dkxeaKpamMJ3MYD73t6M8PMKEWlQESQ=="
    },
    "node_modules/fs": {
      "version": "0.0.1-security",
      "resolved": "https://registry.npmjs.org/fs/-/fs-0.0.1-security.tgz",
      "integrity": "sha512-3XY9e1pP0CVEUCdj5BmfIZxRBTSDycnbqhIOGec9QYtmVH2fbLpj86CFWkrNOkt/Fvty4KZG5lTglL9j/gJ87w=="
    },
    "node_modules/ws": {
      "version": "6.2.2",
      "resolved": "https://registry.npmjs.org/ws/-/ws-6.2.2.tgz",
      "integrity": "sha512-zmhltoSR8u1cnDsD43TX59mzoMZsLKqUweyYBAIvTngR3shc0W6aOZylZmq/7hqyVxPdi+5Ud2QInblgyE72fw==",
      "dependencies": {
        "async-limiter": "~1.0.0"
      }
    },
    "node_modules/ws/node_modules/async-limiter": {
      "version": "1.0.1",
      "resolved": "https://registry.npmjs.org/async-limiter/-/async-limiter-1.0.1.tgz",
      "integrity": "sha512-csOlWGAcRFJaI6m+F2WKdnMKr4HhdhFVBk0H/QbJFMCr+uO2kwohwXQPxw/9OCxp05r5ghVBFSyioixx3gfkNQ=="
    }
  }
}
